
Microsoft Visual Studio Solution File, Format Version 12.00
# Visual Studio Version 16
VisualStudioVersion = 25.0.1706.1
MinimumVisualStudioVersion = 10.0.40219.1
Project("{FAE04EC0-301F-11D3-BF4B-00C04F79EFBC}") = "Api", "Api\Api.csproj", "{D3BBBC31-7767-4B14-A80A-77C91A4C8684}"
EndProject
Project("{FAE04EC0-301F-11D3-BF4B-00C04F79EFBC}") = "Client", "Client\Client.csproj", "{329F6FC5-4D88-457A-916A-D6EC88C74360}"
EndProject
Project("{FAE04EC0-301F-11D3-BF4B-00C04F79EFBC}") = "Models", "Models\Models.csproj", "{0382BD1B-EAC4-4C8B-B3FB-863A2120104C}"
EndProject
Project("{2150E333-8FDC-42A3-9474-1A3956D46DE8}") = "Solution Items", "Solution Items", "{AFAB6046-BA11-4679-899A-01E1CDC526F9}"
	ProjectSection(SolutionItems) = preProject
		package.json = package.json
	EndProjectSection
EndProject
Global
	GlobalSection(SolutionConfigurationPlatforms) = preSolution
		Debug|Any CPU = Debug|Any CPU
		Release|Any CPU = Release|Any CPU
	EndGlobalSection
	GlobalSection(ProjectConfigurationPlatforms) = postSolution
		{D3BBBC31-7767-4B14-A80A-77C91A4C8684}.Debug|Any CPU.ActiveCfg = Debug|Any CPU
		{D3BBBC31-7767-4B14-A80A-77C91A4C8684}.Debug|Any CPU.Build.0 = Debug|Any CPU
		{D3BBBC31-7767-4B14-A80A-77C91A4C8684}.Release|Any CPU.ActiveCfg = Release|Any CPU
		{D3BBBC31-7767-4B14-A80A-77C91A4C8684}.Release|Any CPU.Build.0 = Release|Any CPU
		{329F6FC5-4D88-457A-916A-D6EC88C74360}.Debug|Any CPU.ActiveCfg = Debug|Any CPU
		{329F6FC5-4D88-457A-916A-D6EC88C74360}.Debug|Any CPU.Build.0 = Debug|Any CPU
		{329F6FC5-4D88-457A-916A-D6EC88C74360}.Release|Any CPU.ActiveCfg = Release|Any CPU
		{329F6FC5-4D88-457A-916A-D6EC88C74360}.Release|Any CPU.Build.0 = Release|Any CPU
		{0382BD1B-EAC4-4C8B-B3FB-863A2120104C}.Debug|Any CPU.ActiveCfg = Debug|Any CPU
		{0382BD1B-EAC4-4C8B-B3FB-863A2120104C}.Debug|Any CPU.Build.0 = Debug|Any CPU
		{0382BD1B-EAC4-4C8B-B3FB-863A2120104C}.Release|Any CPU.ActiveCfg = Release|Any CPU
		{0382BD1B-EAC4-4C8B-B3FB-863A2120104C}.Release|Any CPU.Build.0 = Release|Any CPU
	EndGlobalSection
	GlobalSection(SolutionProperties) = preSolution
		HideSolutionNode = FALSE
	EndGlobalSection
	GlobalSection(ExtensibilityGlobals) = postSolution
		SolutionGuid = {3777F125-3B72-4DE1-8D59-729B8ADC26A3}
	EndGlobalSection
EndGlobal
